// !$*UTF8*$!
{
	archiveVersion = 1;
	classes = {
	};
	objectVersion = 46;
	objects = {

/* Begin PBXBuildFile section */
		14AA71DC1456534600308CC1 /* UIKit.framework in Frameworks */ = {isa = PBXBuildFile; fileRef = 14AA71DB1456534600308CC1 /* UIKit.framework */; };
		14AA71DE1456534600308CC1 /* Foundation.framework in Frameworks */ = {isa = PBXBuildFile; fileRef = 14AA71DD1456534600308CC1 /* Foundation.framework */; };
		14AA71E01456534600308CC1 /* CoreGraphics.framework in Frameworks */ = {isa = PBXBuildFile; fileRef = 14AA71DF1456534600308CC1 /* CoreGraphics.framework */; };
		14AA71E61456534600308CC1 /* InfoPlist.strings in Resources */ = {isa = PBXBuildFile; fileRef = 14AA71E41456534600308CC1 /* InfoPlist.strings */; };
		14AA71E81456534600308CC1 /* main.m in Sources */ = {isa = PBXBuildFile; fileRef = 14AA71E71456534600308CC1 /* main.m */; };
		14AA71EC1456534600308CC1 /* AppDelegate.m in Sources */ = {isa = PBXBuildFile; fileRef = 14AA71EB1456534600308CC1 /* AppDelegate.m */; };
		14AA71EF1456534600308CC1 /* ViewController.m in Sources */ = {isa = PBXBuildFile; fileRef = 14AA71EE1456534600308CC1 /* ViewController.m */; };
		14AA71F21456534600308CC1 /* ViewController.xib in Resources */ = {isa = PBXBuildFile; fileRef = 14AA71F01456534600308CC1 /* ViewController.xib */; };
		14AA71FE1456545100308CC1 /* Settings.bundle in Resources */ = {isa = PBXBuildFile; fileRef = 14AA71FD1456545100308CC1 /* Settings.bundle */; };
		14AA720014565ACC00308CC1 /* CoreImage.framework in Frameworks */ = {isa = PBXBuildFile; fileRef = 14AA71FF14565ACC00308CC1 /* CoreImage.framework */; };
/* End PBXBuildFile section */

/* Begin PBXFileReference section */
		14AA71D71456534600308CC1 /* FaceOrNot.app */ = {isa = PBXFileReference; explicitFileType = wrapper.application; includeInIndex = 0; path = FaceOrNot.app; sourceTree = BUILT_PRODUCTS_DIR; };
		14AA71DB1456534600308CC1 /* UIKit.framework */ = {isa = PBXFileReference; lastKnownFileType = wrapper.framework; name = UIKit.framework; path = System/Library/Frameworks/UIKit.framework; sourceTree = SDKROOT; };
		14AA71DD1456534600308CC1 /* Foundation.framework */ = {isa = PBXFileReference; lastKnownFileType = wrapper.framework; name = Foundation.framework; path = System/Library/Frameworks/Foundation.framework; sourceTree = SDKROOT; };
		14AA71DF1456534600308CC1 /* CoreGraphics.framework */ = {isa = PBXFileReference; lastKnownFileType = wrapper.framework; name = CoreGraphics.framework; path = System/Library/Frameworks/CoreGraphics.framework; sourceTree = SDKROOT; };
		14AA71E31456534600308CC1 /* FaceOrNot-Info.plist */ = {isa = PBXFileReference; lastKnownFileType = text.plist.xml; path = "FaceOrNot-Info.plist"; sourceTree = "<group>"; };
		14AA71E51456534600308CC1 /* en */ = {isa = PBXFileReference; lastKnownFileType = text.plist.strings; name = en; path = en.lproj/InfoPlist.strings; sourceTree = "<group>"; };
		14AA71E71456534600308CC1 /* main.m */ = {isa = PBXFileReference; lastKnownFileType = sourcecode.c.objc; path = main.m; sourceTree = "<group>"; };
		14AA71E91456534600308CC1 /* FaceOrNot-Prefix.pch */ = {isa = PBXFileReference; lastKnownFileType = sourcecode.c.h; path = "FaceOrNot-Prefix.pch"; sourceTree = "<group>"; };
		14AA71EA1456534600308CC1 /* AppDelegate.h */ = {isa = PBXFileReference; lastKnownFileType = sourcecode.c.h; path = AppDelegate.h; sourceTree = "<group>"; };
		14AA71EB1456534600308CC1 /* AppDelegate.m */ = {isa = PBXFileReference; lastKnownFileType = sourcecode.c.objc; path = AppDelegate.m; sourceTree = "<group>"; };
		14AA71ED1456534600308CC1 /* ViewController.h */ = {isa = PBXFileReference; lastKnownFileType = sourcecode.c.h; path = ViewController.h; sourceTree = "<group>"; };
		14AA71EE1456534600308CC1 /* ViewController.m */ = {isa = PBXFileReference; lastKnownFileType = sourcecode.c.objc; path = ViewController.m; sourceTree = "<group>"; };
		14AA71F11456534600308CC1 /* en */ = {isa = PBXFileReference; lastKnownFileType = file.xib; name = en; path = en.lproj/ViewController.xib; sourceTree = "<group>"; };
		14AA71FD1456545100308CC1 /* Settings.bundle */ = {isa = PBXFileReference; lastKnownFileType = "wrapper.plug-in"; path = Settings.bundle; sourceTree = "<group>"; };
		14AA71FF14565ACC00308CC1 /* CoreImage.framework */ = {isa = PBXFileReference; lastKnownFileType = wrapper.framework; name = CoreImage.framework; path = System/Library/Frameworks/CoreImage.framework; sourceTree = SDKROOT; };
/* End PBXFileReference section */

/* Begin PBXFrameworksBuildPhase section */
		14AA71D41456534600308CC1 /* Frameworks */ = {
			isa = PBXFrameworksBuildPhase;
			buildActionMask = 2147483647;
			files = (
				14AA71DC1456534600308CC1 /* UIKit.framework in Frameworks */,
				14AA71DE1456534600308CC1 /* Foundation.framework in Frameworks */,
				14AA71E01456534600308CC1 /* CoreGraphics.framework in Frameworks */,
				14AA720014565ACC00308CC1 /* CoreImage.framework in Frameworks */,
			);
			runOnlyForDeploymentPostprocessing = 0;
		};
/* End PBXFrameworksBuildPhase section */

/* Begin PBXGroup section */
		14AA71CC1456534600308CC1 = {
			isa = PBXGroup;
			children = (
				14AA71E11456534600308CC1 /* FaceOrNot */,
				14AA71DA1456534600308CC1 /* Frameworks */,
				14AA71D81456534600308CC1 /* Products */,
			);
			sourceTree = "<group>";
		};
		14AA71D81456534600308CC1 /* Products */ = {
			isa = PBXGroup;
			children = (
				14AA71D71456534600308CC1 /* FaceOrNot.app */,
			);
			name = Products;
			sourceTree = "<group>";
		};
		14AA71DA1456534600308CC1 /* Frameworks */ = {
			isa = PBXGroup;
			children = (
				14AA71FF14565ACC00308CC1 /* CoreImage.framework */,
				14AA71DB1456534600308CC1 /* UIKit.framework */,
				14AA71DD1456534600308CC1 /* Foundation.framework */,
				14AA71DF1456534600308CC1 /* CoreGraphics.framework */,
			);
			name = Frameworks;
			sourceTree = "<group>";
		};
		14AA71E11456534600308CC1 /* FaceOrNot */ = {
			isa = PBXGroup;
			children = (
				14AA71EA1456534600308CC1 /* AppDelegate.h */,
				14AA71EB1456534600308CC1 /* AppDelegate.m */,
				14AA71ED1456534600308CC1 /* ViewController.h */,
				14AA71EE1456534600308CC1 /* ViewController.m */,
				14AA71F01456534600308CC1 /* ViewController.xib */,
				14AA71E21456534600308CC1 /* Supporting Files */,
			);
			name = FaceOrNot;
			path = FaceOff;
			sourceTree = "<group>";
		};
		14AA71E21456534600308CC1 /* Supporting Files */ = {
			isa = PBXGroup;
			children = (
				14AA71FD1456545100308CC1 /* Settings.bundle */,
				14AA71E31456534600308CC1 /* FaceOrNot-Info.plist */,
				14AA71E41456534600308CC1 /* InfoPlist.strings */,
				14AA71E71456534600308CC1 /* main.m */,
				14AA71E91456534600308CC1 /* FaceOrNot-Prefix.pch */,
			);
			name = "Supporting Files";
			sourceTree = "<group>";
		};
/* End PBXGroup section */

/* Begin PBXNativeTarget section */
		14AA71D61456534600308CC1 /* FaceOrNot */ = {
			isa = PBXNativeTarget;
			buildConfigurationList = 14AA71F51456534600308CC1 /* Build configuration list for PBXNativeTarget "FaceOrNot" */;
			buildPhases = (
				14AA71D31456534600308CC1 /* Sources */,
				14AA71D41456534600308CC1 /* Frameworks */,
				14AA71D51456534600308CC1 /* Resources */,
			);
			buildRules = (
			);
			dependencies = (
			);
			name = FaceOrNot;
			productName = FaceOff;
			productReference = 14AA71D71456534600308CC1 /* FaceOrNot.app */;
			productType = "com.apple.product-type.application";
		};
/* End PBXNativeTarget section */

/* Begin PBXProject section */
		14AA71CE1456534600308CC1 /* Project object */ = {
			isa = PBXProject;
			attributes = {
				LastUpgradeCheck = 0420;
			};
			buildConfigurationList = 14AA71D11456534600308CC1 /* Build configuration list for PBXProject "FaceOrNot" */;
			compatibilityVersion = "Xcode 3.2";
			developmentRegion = English;
			hasScannedForEncodings = 0;
			knownRegions = (
				en,
			);
			mainGroup = 14AA71CC1456534600308CC1;
			productRefGroup = 14AA71D81456534600308CC1 /* Products */;
			projectDirPath = "";
			projectRoot = "";
			targets = (
				14AA71D61456534600308CC1 /* FaceOrNot */,
			);
		};
/* End PBXProject section */

/* Begin PBXResourcesBuildPhase section */
		14AA71D51456534600308CC1 /* Resources */ = {
			isa = PBXResourcesBuildPhase;
			buildActionMask = 2147483647;
			files = (
				14AA71E61456534600308CC1 /* InfoPlist.strings in Resources */,
				14AA71F21456534600308CC1 /* ViewController.xib in Resources */,
				14AA71FE1456545100308CC1 /* Settings.bundle in Resources */,
			);
			runOnlyForDeploymentPostprocessing = 0;
		};
/* End PBXResourcesBuildPhase section */

/* Begin PBXSourcesBuildPhase section */
		14AA71D31456534600308CC1 /* Sources */ = {
			isa = PBXSourcesBuildPhase;
			buildActionMask = 2147483647;
			files = (
				14AA71E81456534600308CC1 /* main.m in Sources */,
				14AA71EC1456534600308CC1 /* AppDelegate.m in Sources */,
				14AA71EF1456534600308CC1 /* ViewController.m in Sources */,
			);
			runOnlyForDeploymentPostprocessing = 0;
		};
/* End PBXSourcesBuildPhase section */

/* Begin PBXVariantGroup section */
		14AA71E41456534600308CC1 /* InfoPlist.strings */ = {
			isa = PBXVariantGroup;
			children = (
				14AA71E51456534600308CC1 /* en */,
			);
			name = InfoPlist.strings;
			sourceTree = "<group>";
		};
		14AA71F01456534600308CC1 /* ViewController.xib */ = {
			isa = PBXVariantGroup;
			children = (
				14AA71F11456534600308CC1 /* en */,
			);
			name = ViewController.xib;
			sourceTree = "<group>";
		};
/* End PBXVariantGroup section */

/* Begin XCBuildConfiguration section */
		14AA71F31456534600308CC1 /* Debug */ = {
			isa = XCBuildConfiguration;
			buildSettings = {
				ALWAYS_SEARCH_USER_PATHS = NO;
				ARCHS = "$(ARCHS_STANDARD_32_BIT)";
				CLANG_ENABLE_OBJC_ARC = YES;
				"CODE_SIGN_IDENTITY[sdk=iphoneos*]" = "iPhone Developer";
				COPY_PHASE_STRIP = NO;
				GCC_C_LANGUAGE_STANDARD = gnu99;
				GCC_DYNAMIC_NO_PIC = NO;
				GCC_OPTIMIZATION_LEVEL = 0;
				GCC_PREPROCESSOR_DEFINITIONS = (
					"DEBUG=1",
					"$(inherited)",
				);
				GCC_SYMBOLS_PRIVATE_EXTERN = NO;
				GCC_VERSION = com.apple.compilers.llvm.clang.1_0;
				GCC_WARN_ABOUT_MISSING_PROTOTYPES = YES;
				GCC_WARN_ABOUT_RETURN_TYPE = YES;
				GCC_WARN_UNUSED_VARIABLE = YES;
				IPHONEOS_DEPLOYMENT_TARGET = 5.0;
				SDKROOT = iphoneos;
				TARGETED_DEVICE_FAMILY = 2;
			};
			name = Debug;
		};
		14AA71F41456534600308CC1 /* Release */ = {
			isa = XCBuildConfiguration;
			buildSettings = {
				ALWAYS_SEARCH_USER_PATHS = NO;
				ARCHS = "$(ARCHS_STANDARD_32_BIT)";
				CLANG_ENABLE_OBJC_ARC = YES;
				"CODE_SIGN_IDENTITY[sdk=iphoneos*]" = "iPhone Developer";
				COPY_PHASE_STRIP = YES;
				GCC_C_LANGUAGE_STANDARD = gnu99;
				GCC_VERSION = com.apple.compilers.llvm.clang.1_0;
				GCC_WARN_ABOUT_MISSING_PROTOTYPES = YES;
				GCC_WARN_ABOUT_RETURN_TYPE = YES;
				GCC_WARN_UNUSED_VARIABLE = YES;
				IPHONEOS_DEPLOYMENT_TARGET = 5.0;
				OTHER_CFLAGS = "-DNS_BLOCK_ASSERTIONS=1";
				SDKROOT = iphoneos;
				TARGETED_DEVICE_FAMILY = 2;
				VALIDATE_PRODUCT = YES;
			};
			name = Release;
		};
		14AA71F61456534600308CC1 /* Debug */ = {
			isa = XCBuildConfiguration;
			buildSettings = {
				GCC_PRECOMPILE_PREFIX_HEADER = YES;
				GCC_PREFIX_HEADER = "FaceOff/FaceOrNot-Prefix.pch";
				INFOPLIST_FILE = "FaceOff/FaceOrNot-Info.plist";
				PRODUCT_NAME = FaceOrNot;
				WRAPPER_EXTENSION = app;
			};
			name = Debug;
		};
		14AA71F71456534600308CC1 /* Release */ = {
			isa = XCBuildConfiguration;
			buildSettings = {
				GCC_PRECOMPILE_PREFIX_HEADER = YES;
				GCC_PREFIX_HEADER = "FaceOff/FaceOrNot-Prefix.pch";
				INFOPLIST_FILE = "FaceOff/FaceOrNot-Info.plist";
				PRODUCT_NAME = FaceOrNot;
				WRAPPER_EXTENSION = app;
			};
			name = Release;
		};
/* End XCBuildConfiguration section */

/* Begin XCConfigurationList section */
		14AA71D11456534600308CC1 /* Build configuration list for PBXProject "FaceOrNot" */ = {
			isa = XCConfigurationList;
			buildConfigurations = (
				14AA71F31456534600308CC1 /* Debug */,
				14AA71F41456534600308CC1 /* Release */,
			);
			defaultConfigurationIsVisible = 0;
			defaultConfigurationName = Release;
		};
		14AA71F51456534600308CC1 /* Build configuration list for PBXNativeTarget "FaceOrNot" */ = {
			isa = XCConfigurationList;
			buildConfigurations = (
				14AA71F61456534600308CC1 /* Debug */,
				14AA71F71456534600308CC1 /* Release */,
			);
			defaultConfigurationIsVisible = 0;
			defaultConfigurationName = Release;
		};
/* End XCConfigurationList section */
	};
	rootObject = 14AA71CE1456534600308CC1 /* Project object */;
}
